// !$*UTF8*$!
{
	archiveVersion = 1;
	classes = {
	};
	objectVersion = 51;
	objects = {

/* Begin PBXBuildFile section */
		4F622BD825C3876800BE27CD /* AppDelegate.swift in Sources */ = {isa = PBXBuildFile; fileRef = 4F622BD725C3876800BE27CD /* AppDelegate.swift */; };
		4F622BDA25C3876800BE27CD /* SceneDelegate.swift in Sources */ = {isa = PBXBuildFile; fileRef = 4F622BD925C3876800BE27CD /* SceneDelegate.swift */; };
		4F622BDC25C3876800BE27CD /* ViewController.swift in Sources */ = {isa = PBXBuildFile; fileRef = 4F622BDB25C3876800BE27CD /* ViewController.swift */; };
		4F622BDF25C3876800BE27CD /* Main.storyboard in Resources */ = {isa = PBXBuildFile; fileRef = 4F622BDD25C3876800BE27CD /* Main.storyboard */; };
		4F622BE125C3876800BE27CD /* Assets.xcassets in Resources */ = {isa = PBXBuildFile; fileRef = 4F622BE025C3876800BE27CD /* Assets.xcassets */; };
		4F622BE425C3876800BE27CD /* LaunchScreen.storyboard in Resources */ = {isa = PBXBuildFile; fileRef = 4F622BE225C3876800BE27CD /* LaunchScreen.storyboard */; };
		4F622BF325C3880C00BE27CD /* CombineViewController.swift in Sources */ = {isa = PBXBuildFile; fileRef = 4F622BF125C3880C00BE27CD /* CombineViewController.swift */; };
		4F622BF425C3880C00BE27CD /* CombineViewController.xib in Resources */ = {isa = PBXBuildFile; fileRef = 4F622BF225C3880C00BE27CD /* CombineViewController.xib */; };
		4F622BF825C39B9F00BE27CD /* SkipAndTakeViewController.swift in Sources */ = {isa = PBXBuildFile; fileRef = 4F622BF625C39B9F00BE27CD /* SkipAndTakeViewController.swift */; };
		4F622BF925C39B9F00BE27CD /* SkipAndTakeViewController.xib in Resources */ = {isa = PBXBuildFile; fileRef = 4F622BF725C39B9F00BE27CD /* SkipAndTakeViewController.xib */; };
		4F622BFD25C3A93600BE27CD /* ErrorViewController.swift in Sources */ = {isa = PBXBuildFile; fileRef = 4F622BFB25C3A93600BE27CD /* ErrorViewController.swift */; };
		4F622BFE25C3A93600BE27CD /* ErrorViewController.xib in Resources */ = {isa = PBXBuildFile; fileRef = 4F622BFC25C3A93600BE27CD /* ErrorViewController.xib */; };
		4F622C0225C3AA3600BE27CD /* HTTPExampleViewController.swift in Sources */ = {isa = PBXBuildFile; fileRef = 4F622C0025C3AA3600BE27CD /* HTTPExampleViewController.swift */; };
		4F622C0325C3AA3600BE27CD /* HTTPExampleViewController.xib in Resources */ = {isa = PBXBuildFile; fileRef = 4F622C0125C3AA3600BE27CD /* HTTPExampleViewController.xib */; };
		E163891C3CA7D6B5130D3DD8 /* Pods_OperatorAndErr.framework in Frameworks */ = {isa = PBXBuildFile; fileRef = 6FEB06BCA5478D7D290B26E7 /* Pods_OperatorAndErr.framework */; };
/* End PBXBuildFile section */

/* Begin PBXFileReference section */
		02FFC373CF111831BC90506F /* Pods-OperatorAndErr.debug.xcconfig */ = {isa = PBXFileReference; includeInIndex = 1; lastKnownFileType = text.xcconfig; name = "Pods-OperatorAndErr.debug.xcconfig"; path = "Target Support Files/Pods-OperatorAndErr/Pods-OperatorAndErr.debug.xcconfig"; sourceTree = "<group>"; };
		4F622BD425C3876700BE27CD /* OperatorAndErr.app */ = {isa = PBXFileReference; explicitFileType = wrapper.application; includeInIndex = 0; path = OperatorAndErr.app; sourceTree = BUILT_PRODUCTS_DIR; };
		4F622BD725C3876800BE27CD /* AppDelegate.swift */ = {isa = PBXFileReference; lastKnownFileType = sourcecode.swift; path = AppDelegate.swift; sourceTree = "<group>"; };
		4F622BD925C3876800BE27CD /* SceneDelegate.swift */ = {isa = PBXFileReference; lastKnownFileType = sourcecode.swift; path = SceneDelegate.swift; sourceTree = "<group>"; };
		4F622BDB25C3876800BE27CD /* ViewController.swift */ = {isa = PBXFileReference; lastKnownFileType = sourcecode.swift; path = ViewController.swift; sourceTree = "<group>"; };
		4F622BDE25C3876800BE27CD /* Base */ = {isa = PBXFileReference; lastKnownFileType = file.storyboard; name = Base; path = Base.lproj/Main.storyboard; sourceTree = "<group>"; };
		4F622BE025C3876800BE27CD /* Assets.xcassets */ = {isa = PBXFileReference; lastKnownFileType = folder.assetcatalog; path = Assets.xcassets; sourceTree = "<group>"; };
		4F622BE325C3876800BE27CD /* Base */ = {isa = PBXFileReference; lastKnownFileType = file.storyboard; name = Base; path = Base.lproj/LaunchScreen.storyboard; sourceTree = "<group>"; };
		4F622BE525C3876800BE27CD /* Info.plist */ = {isa = PBXFileReference; lastKnownFileType = text.plist.xml; path = Info.plist; sourceTree = "<group>"; };
		4F622BF125C3880C00BE27CD /* CombineViewController.swift */ = {isa = PBXFileReference; lastKnownFileType = sourcecode.swift; name = CombineViewController.swift; path = Assets.xcassets/CombineViewController.swift; sourceTree = "<group>"; };
		4F622BF225C3880C00BE27CD /* CombineViewController.xib */ = {isa = PBXFileReference; lastKnownFileType = file.xib; name = CombineViewController.xib; path = Assets.xcassets/CombineViewController.xib; sourceTree = "<group>"; };
		4F622BF625C39B9F00BE27CD /* SkipAndTakeViewController.swift */ = {isa = PBXFileReference; lastKnownFileType = sourcecode.swift; path = SkipAndTakeViewController.swift; sourceTree = "<group>"; };
		4F622BF725C39B9F00BE27CD /* SkipAndTakeViewController.xib */ = {isa = PBXFileReference; lastKnownFileType = file.xib; path = SkipAndTakeViewController.xib; sourceTree = "<group>"; };
		4F622BFB25C3A93600BE27CD /* ErrorViewController.swift */ = {isa = PBXFileReference; lastKnownFileType = sourcecode.swift; path = ErrorViewController.swift; sourceTree = "<group>"; };
		4F622BFC25C3A93600BE27CD /* ErrorViewController.xib */ = {isa = PBXFileReference; lastKnownFileType = file.xib; path = ErrorViewController.xib; sourceTree = "<group>"; };
		4F622C0025C3AA3600BE27CD /* HTTPExampleViewController.swift */ = {isa = PBXFileReference; lastKnownFileType = sourcecode.swift; path = HTTPExampleViewController.swift; sourceTree = "<group>"; };
		4F622C0125C3AA3600BE27CD /* HTTPExampleViewController.xib */ = {isa = PBXFileReference; lastKnownFileType = file.xib; path = HTTPExampleViewController.xib; sourceTree = "<group>"; };
		6FEB06BCA5478D7D290B26E7 /* Pods_OperatorAndErr.framework */ = {isa = PBXFileReference; explicitFileType = wrapper.framework; includeInIndex = 0; path = Pods_OperatorAndErr.framework; sourceTree = BUILT_PRODUCTS_DIR; };
		B9D97B15D3E01B3F0778B45F /* Pods-OperatorAndErr.release.xcconfig */ = {isa = PBXFileReference; includeInIndex = 1; lastKnownFileType = text.xcconfig; name = "Pods-OperatorAndErr.release.xcconfig"; path = "Target Support Files/Pods-OperatorAndErr/Pods-OperatorAndErr.release.xcconfig"; sourceTree = "<group>"; };
/* End PBXFileReference section */

/* Begin PBXFrameworksBuildPhase section */
		4F622BD125C3876700BE27CD /* Frameworks */ = {
			isa = PBXFrameworksBuildPhase;
			buildActionMask = 2147483647;
			files = (
				E163891C3CA7D6B5130D3DD8 /* Pods_OperatorAndErr.framework in Frameworks */,
			);
			runOnlyForDeploymentPostprocessing = 0;
		};
/* End PBXFrameworksBuildPhase section */

/* Begin PBXGroup section */
		4F622BCB25C3876700BE27CD = {
			isa = PBXGroup;
			children = (
				4F622BD625C3876800BE27CD /* OperatorAndErr */,
				4F622BD525C3876700BE27CD /* Products */,
				5E39ACAB25C27D925878A146 /* Pods */,
				743ECEC22BC56B0C178811D0 /* Frameworks */,
			);
			sourceTree = "<group>";
		};
		4F622BD525C3876700BE27CD /* Products */ = {
			isa = PBXGroup;
			children = (
				4F622BD425C3876700BE27CD /* OperatorAndErr.app */,
			);
			name = Products;
			sourceTree = "<group>";
		};
		4F622BD625C3876800BE27CD /* OperatorAndErr */ = {
			isa = PBXGroup;
			children = (
				4F622BD725C3876800BE27CD /* AppDelegate.swift */,
				4F622BD925C3876800BE27CD /* SceneDelegate.swift */,
				4F622BDB25C3876800BE27CD /* ViewController.swift */,
				4F622BDD25C3876800BE27CD /* Main.storyboard */,
				4F622BE025C3876800BE27CD /* Assets.xcassets */,
				4F622BE225C3876800BE27CD /* LaunchScreen.storyboard */,
				4F622BE525C3876800BE27CD /* Info.plist */,
				4F622BF125C3880C00BE27CD /* CombineViewController.swift */,
				4F622BF225C3880C00BE27CD /* CombineViewController.xib */,
				4F622BF625C39B9F00BE27CD /* SkipAndTakeViewController.swift */,
				4F622BF725C39B9F00BE27CD /* SkipAndTakeViewController.xib */,
				4F622BFB25C3A93600BE27CD /* ErrorViewController.swift */,
				4F622BFC25C3A93600BE27CD /* ErrorViewController.xib */,
				4F622C0025C3AA3600BE27CD /* HTTPExampleViewController.swift */,
				4F622C0125C3AA3600BE27CD /* HTTPExampleViewController.xib */,
			);
			path = OperatorAndErr;
			sourceTree = "<group>";
		};
		5E39ACAB25C27D925878A146 /* Pods */ = {
			isa = PBXGroup;
			children = (
				02FFC373CF111831BC90506F /* Pods-OperatorAndErr.debug.xcconfig */,
				B9D97B15D3E01B3F0778B45F /* Pods-OperatorAndErr.release.xcconfig */,
			);
			path = Pods;
			sourceTree = "<group>";
		};
		743ECEC22BC56B0C178811D0 /* Frameworks */ = {
			isa = PBXGroup;
			children = (
				6FEB06BCA5478D7D290B26E7 /* Pods_OperatorAndErr.framework */,
			);
			name = Frameworks;
			sourceTree = "<group>";
		};
/* End PBXGroup section */

/* Begin PBXNativeTarget section */
		4F622BD325C3876700BE27CD /* OperatorAndErr */ = {
			isa = PBXNativeTarget;
			buildConfigurationList = 4F622BE825C3876800BE27CD /* Build configuration list for PBXNativeTarget "OperatorAndErr" */;
			buildPhases = (
				69F4FC01F607648E1AD30804 /* [CP] Check Pods Manifest.lock */,
				4F622BD025C3876700BE27CD /* Sources */,
				4F622BD125C3876700BE27CD /* Frameworks */,
				4F622BD225C3876700BE27CD /* Resources */,
				D93CC3B98D75225F8AADA564 /* [CP] Embed Pods Frameworks */,
			);
			buildRules = (
			);
			dependencies = (
			);
			name = OperatorAndErr;
			productName = OperatorAndErr;
			productReference = 4F622BD425C3876700BE27CD /* OperatorAndErr.app */;
			productType = "com.apple.product-type.application";
		};
/* End PBXNativeTarget section */

/* Begin PBXProject section */
		4F622BCC25C3876700BE27CD /* Project object */ = {
			isa = PBXProject;
			attributes = {
				LastSwiftUpdateCheck = 1220;
				LastUpgradeCheck = 1220;
				TargetAttributes = {
					4F622BD325C3876700BE27CD = {
						CreatedOnToolsVersion = 12.2;
					};
				};
			};
			buildConfigurationList = 4F622BCF25C3876700BE27CD /* Build configuration list for PBXProject "OperatorAndErr" */;
			compatibilityVersion = "Xcode 9.3";
			developmentRegion = en;
			hasScannedForEncodings = 0;
			knownRegions = (
				en,
				Base,
			);
			mainGroup = 4F622BCB25C3876700BE27CD;
			productRefGroup = 4F622BD525C3876700BE27CD /* Products */;
			projectDirPath = "";
			projectRoot = "";
			targets = (
				4F622BD325C3876700BE27CD /* OperatorAndErr */,
			);
		};
/* End PBXProject section */

/* Begin PBXResourcesBuildPhase section */
		4F622BD225C3876700BE27CD /* Resources */ = {
			isa = PBXResourcesBuildPhase;
			buildActionMask = 2147483647;
			files = (
				4F622BE425C3876800BE27CD /* LaunchScreen.storyboard in Resources */,
				4F622BE125C3876800BE27CD /* Assets.xcassets in Resources */,
				4F622BF925C39B9F00BE27CD /* SkipAndTakeViewController.xib in Resources */,
				4F622BFE25C3A93600BE27CD /* ErrorViewController.xib in Resources */,
				4F622C0325C3AA3600BE27CD /* HTTPExampleViewController.xib in Resources */,
				4F622BF425C3880C00BE27CD /* CombineViewController.xib in Resources */,
				4F622BDF25C3876800BE27CD /* Main.storyboard in Resources */,
			);
			runOnlyForDeploymentPostprocessing = 0;
		};
/* End PBXResourcesBuildPhase section */

/* Begin PBXShellScriptBuildPhase section */
		69F4FC01F607648E1AD30804 /* [CP] Check Pods Manifest.lock */ = {
			isa = PBXShellScriptBuildPhase;
			buildActionMask = 2147483647;
			files = (
			);
			inputFileListPaths = (
			);
			inputPaths = (
				"${PODS_PODFILE_DIR_PATH}/Podfile.lock",
				"${PODS_ROOT}/Manifest.lock",
			);
			name = "[CP] Check Pods Manifest.lock";
			outputFileListPaths = (
			);
			outputPaths = (
				"$(DERIVED_FILE_DIR)/Pods-OperatorAndErr-checkManifestLockResult.txt",
			);
			runOnlyForDeploymentPostprocessing = 0;
			shellPath = /bin/sh;
			shellScript = "diff \"${PODS_PODFILE_DIR_PATH}/Podfile.lock\" \"${PODS_ROOT}/Manifest.lock\" > /dev/null\nif [ $? != 0 ] ; then\n    # print error to STDERR\n    echo \"error: The sandbox is not in sync with the Podfile.lock. Run 'pod install' or update your CocoaPods installation.\" >&2\n    exit 1\nfi\n# This output is used by Xcode 'outputs' to avoid re-running this script phase.\necho \"SUCCESS\" > \"${SCRIPT_OUTPUT_FILE_0}\"\n";
			showEnvVarsInLog = 0;
		};
		D93CC3B98D75225F8AADA564 /* [CP] Embed Pods Frameworks */ = {
			isa = PBXShellScriptBuildPhase;
			buildActionMask = 2147483647;
			files = (
			);
			inputFileListPaths = (
				"${PODS_ROOT}/Target Support Files/Pods-OperatorAndErr/Pods-OperatorAndErr-frameworks-${CONFIGURATION}-input-files.xcfilelist",
			);
			name = "[CP] Embed Pods Frameworks";
			outputFileListPaths = (
				"${PODS_ROOT}/Target Support Files/Pods-OperatorAndErr/Pods-OperatorAndErr-frameworks-${CONFIGURATION}-output-files.xcfilelist",
			);
			runOnlyForDeploymentPostprocessing = 0;
			shellPath = /bin/sh;
			shellScript = "\"${PODS_ROOT}/Target Support Files/Pods-OperatorAndErr/Pods-OperatorAndErr-frameworks.sh\"\n";
			showEnvVarsInLog = 0;
		};
/* End PBXShellScriptBuildPhase section */

/* Begin PBXSourcesBuildPhase section */
		4F622BD025C3876700BE27CD /* Sources */ = {
			isa = PBXSourcesBuildPhase;
			buildActionMask = 2147483647;
			files = (
				4F622BDC25C3876800BE27CD /* ViewController.swift in Sources */,
				4F622C0225C3AA3600BE27CD /* HTTPExampleViewController.swift in Sources */,
				4F622BFD25C3A93600BE27CD /* ErrorViewController.swift in Sources */,
				4F622BD825C3876800BE27CD /* AppDelegate.swift in Sources */,
				4F622BF325C3880C00BE27CD /* CombineViewController.swift in Sources */,
				4F622BF825C39B9F00BE27CD /* SkipAndTakeViewController.swift in Sources */,
				4F622BDA25C3876800BE27CD /* SceneDelegate.swift in Sources */,
			);
			runOnlyForDeploymentPostprocessing = 0;
		};
/* End PBXSourcesBuildPhase section */

/* Begin PBXVariantGroup section */
		4F622BDD25C3876800BE27CD /* Main.storyboard */ = {
			isa = PBXVariantGroup;
			children = (
				4F622BDE25C3876800BE27CD /* Base */,
			);
			name = Main.storyboard;
			sourceTree = "<group>";
		};
		4F622BE225C3876800BE27CD /* LaunchScreen.storyboard */ = {
			isa = PBXVariantGroup;
			children = (
				4F622BE325C3876800BE27CD /* Base */,
			);
			name = LaunchScreen.storyboard;
			sourceTree = "<group>";
		};
/* End PBXVariantGroup section */

/* Begin XCBuildConfiguration section */
		4F622BE625C3876800BE27CD /* Debug */ = {
			isa = XCBuildConfiguration;
			buildSettings = {
				ALWAYS_SEARCH_USER_PATHS = NO;
				CLANG_ANALYZER_NONNULL = YES;
				CLANG_ANALYZER_NUMBER_OBJECT_CONVERSION = YES_AGGRESSIVE;
				CLANG_CXX_LANGUAGE_STANDARD = "gnu++14";
				CLANG_CXX_LIBRARY = "libc++";
				CLANG_ENABLE_MODULES = YES;
				CLANG_ENABLE_OBJC_ARC = YES;
				CLANG_ENABLE_OBJC_WEAK = YES;
				CLANG_WARN_BLOCK_CAPTURE_AUTORELEASING = YES;
				CLANG_WARN_BOOL_CONVERSION = YES;
				CLANG_WARN_COMMA = YES;
				CLANG_WARN_CONSTANT_CONVERSION = YES;
				CLANG_WARN_DEPRECATED_OBJC_IMPLEMENTATIONS = YES;
				CLANG_WARN_DIRECT_OBJC_ISA_USAGE = YES_ERROR;
				CLANG_WARN_DOCUMENTATION_COMMENTS = YES;
				CLANG_WARN_EMPTY_BODY = YES;
				CLANG_WARN_ENUM_CONVERSION = YES;
				CLANG_WARN_INFINITE_RECURSION = YES;
				CLANG_WARN_INT_CONVERSION = YES;
				CLANG_WARN_NON_LITERAL_NULL_CONVERSION = YES;
				CLANG_WARN_OBJC_IMPLICIT_RETAIN_SELF = YES;
				CLANG_WARN_OBJC_LITERAL_CONVERSION = YES;
				CLANG_WARN_OBJC_ROOT_CLASS = YES_ERROR;
				CLANG_WARN_QUOTED_INCLUDE_IN_FRAMEWORK_HEADER = YES;
				CLANG_WARN_RANGE_LOOP_ANALYSIS = YES;
				CLANG_WARN_STRICT_PROTOTYPES = YES;
				CLANG_WARN_SUSPICIOUS_MOVE = YES;
				CLANG_WARN_UNGUARDED_AVAILABILITY = YES_AGGRESSIVE;
				CLANG_WARN_UNREACHABLE_CODE = YES;
				CLANG_WARN__DUPLICATE_METHOD_MATCH = YES;
				COPY_PHASE_STRIP = NO;
				DEBUG_INFORMATION_FORMAT = dwarf;
				ENABLE_STRICT_OBJC_MSGSEND = YES;
				ENABLE_TESTABILITY = YES;
				GCC_C_LANGUAGE_STANDARD = gnu11;
				GCC_DYNAMIC_NO_PIC = NO;
				GCC_NO_COMMON_BLOCKS = YES;
				GCC_OPTIMIZATION_LEVEL = 0;
				GCC_PREPROCESSOR_DEFINITIONS = (
					"DEBUG=1",
					"$(inherited)",
				);
				GCC_WARN_64_TO_32_BIT_CONVERSION = YES;
				GCC_WARN_ABOUT_RETURN_TYPE = YES_ERROR;
				GCC_WARN_UNDECLARED_SELECTOR = YES;
				GCC_WARN_UNINITIALIZED_AUTOS = YES_AGGRESSIVE;
				GCC_WARN_UNUSED_FUNCTION = YES;
				GCC_WARN_UNUSED_VARIABLE = YES;
				IPHONEOS_DEPLOYMENT_TARGET = 14.2;
				MTL_ENABLE_DEBUG_INFO = INCLUDE_SOURCE;
				MTL_FAST_MATH = YES;
				ONLY_ACTIVE_ARCH = YES;
				SDKROOT = iphoneos;
				SWIFT_ACTIVE_COMPILATION_CONDITIONS = DEBUG;
				SWIFT_OPTIMIZATION_LEVEL = "-Onone";
			};
			name = Debug;
		};
		4F622BE725C3876800BE27CD /* Release */ = {
			isa = XCBuildConfiguration;
			buildSettings = {
				ALWAYS_SEARCH_USER_PATHS = NO;
				CLANG_ANALYZER_NONNULL = YES;
				CLANG_ANALYZER_NUMBER_OBJECT_CONVERSION = YES_AGGRESSIVE;
				CLANG_CXX_LANGUAGE_STANDARD = "gnu++14";
				CLANG_CXX_LIBRARY = "libc++";
				CLANG_ENABLE_MODULES = YES;
				CLANG_ENABLE_OBJC_ARC = YES;
				CLANG_ENABLE_OBJC_WEAK = YES;
				CLANG_WARN_BLOCK_CAPTURE_AUTORELEASING = YES;
				CLANG_WARN_BOOL_CONVERSION = YES;
				CLANG_WARN_COMMA = YES;
				CLANG_WARN_CONSTANT_CONVERSION = YES;
				CLANG_WARN_DEPRECATED_OBJC_IMPLEMENTATIONS = YES;
				CLANG_WARN_DIRECT_OBJC_ISA_USAGE = YES_ERROR;
				CLANG_WARN_DOCUMENTATION_COMMENTS = YES;
				CLANG_WARN_EMPTY_BODY = YES;
				CLANG_WARN_ENUM_CONVERSION = YES;
				CLANG_WARN_INFINITE_RECURSION = YES;
				CLANG_WARN_INT_CONVERSION = YES;
				CLANG_WARN_NON_LITERAL_NULL_CONVERSION = YES;
				CLANG_WARN_OBJC_IMPLICIT_RETAIN_SELF = YES;
				CLANG_WARN_OBJC_LITERAL_CONVERSION = YES;
				CLANG_WARN_OBJC_ROOT_CLASS = YES_ERROR;
				CLANG_WARN_QUOTED_INCLUDE_IN_FRAMEWORK_HEADER = YES;
				CLANG_WARN_RANGE_LOOP_ANALYSIS = YES;
				CLANG_WARN_STRICT_PROTOTYPES = YES;
				CLANG_WARN_SUSPICIOUS_MOVE = YES;
				CLANG_WARN_UNGUARDED_AVAILABILITY = YES_AGGRESSIVE;
				CLANG_WARN_UNREACHABLE_CODE = YES;
				CLANG_WARN__DUPLICATE_METHOD_MATCH = YES;
				COPY_PHASE_STRIP = NO;
				DEBUG_INFORMATION_FORMAT = "dwarf-with-dsym";
				ENABLE_NS_ASSERTIONS = NO;
				ENABLE_STRICT_OBJC_MSGSEND = YES;
				GCC_C_LANGUAGE_STANDARD = gnu11;
				GCC_NO_COMMON_BLOCKS = YES;
				GCC_WARN_64_TO_32_BIT_CONVERSION = YES;
				GCC_WARN_ABOUT_RETURN_TYPE = YES_ERROR;
				GCC_WARN_UNDECLARED_SELECTOR = YES;
				GCC_WARN_UNINITIALIZED_AUTOS = YES_AGGRESSIVE;
				GCC_WARN_UNUSED_FUNCTION = YES;
				GCC_WARN_UNUSED_VARIABLE = YES;
				IPHONEOS_DEPLOYMENT_TARGET = 14.2;
				MTL_ENABLE_DEBUG_INFO = NO;
				MTL_FAST_MATH = YES;
				SDKROOT = iphoneos;
				SWIFT_COMPILATION_MODE = wholemodule;
				SWIFT_OPTIMIZATION_LEVEL = "-O";
				VALIDATE_PRODUCT = YES;
			};
			name = Release;
		};
		4F622BE925C3876800BE27CD /* Debug */ = {
			isa = XCBuildConfiguration;
			baseConfigurationReference = 02FFC373CF111831BC90506F /* Pods-OperatorAndErr.debug.xcconfig */;
			buildSettings = {
				ASSETCATALOG_COMPILER_APPICON_NAME = AppIcon;
				ASSETCATALOG_COMPILER_GLOBAL_ACCENT_COLOR_NAME = AccentColor;
				CODE_SIGN_STYLE = Automatic;
				DEVELOPMENT_TEAM = FAN774JRD2;
				INFOPLIST_FILE = OperatorAndErr/Info.plist;
				LD_RUNPATH_SEARCH_PATHS = (
					"$(inherited)",
					"@executable_path/Frameworks",
				);
				PRODUCT_BUNDLE_IDENTIFIER = com.hanwe.OperatorAndErr;
				PRODUCT_NAME = "$(TARGET_NAME)";
				SWIFT_VERSION = 5.0;
				TARGETED_DEVICE_FAMILY = "1,2";
			};
			name = Debug;
		};
		4F622BEA25C3876800BE27CD /* Release */ = {
			isa = XCBuildConfiguration;
			baseConfigurationReference = B9D97B15D3E01B3F0778B45F /* Pods-OperatorAndErr.release.xcconfig */;
			buildSettings = {
				ASSETCATALOG_COMPILER_APPICON_NAME = AppIcon;
				ASSETCATALOG_COMPILER_GLOBAL_ACCENT_COLOR_NAME = AccentColor;
				CODE_SIGN_STYLE = Automatic;
				DEVELOPMENT_TEAM = FAN774JRD2;
				INFOPLIST_FILE = OperatorAndErr/Info.plist;
				LD_RUNPATH_SEARCH_PATHS = (
					"$(inherited)",
					"@executable_path/Frameworks",
				);
				PRODUCT_BUNDLE_IDENTIFIER = com.hanwe.OperatorAndErr;
				PRODUCT_NAME = "$(TARGET_NAME)";
				SWIFT_VERSION = 5.0;
				TARGETED_DEVICE_FAMILY = "1,2";
			};
			name = Release;
		};
/* End XCBuildConfiguration section */

/* Begin XCConfigurationList section */
		4F622BCF25C3876700BE27CD /* Build configuration list for PBXProject "OperatorAndErr" */ = {
			isa = XCConfigurationList;
			buildConfigurations = (
				4F622BE625C3876800BE27CD /* Debug */,
				4F622BE725C3876800BE27CD /* Release */,
			);
			defaultConfigurationIsVisible = 0;
			defaultConfigurationName = Release;
		};
		4F622BE825C3876800BE27CD /* Build configuration list for PBXNativeTarget "OperatorAndErr" */ = {
			isa = XCConfigurationList;
			buildConfigurations = (
				4F622BE925C3876800BE27CD /* Debug */,
				4F622BEA25C3876800BE27CD /* Release */,
			);
			defaultConfigurationIsVisible = 0;
			defaultConfigurationName = Release;
		};
/* End XCConfigurationList section */
	};
	rootObject = 4F622BCC25C3876700BE27CD /* Project object */;
}
